
Microsoft Visual Studio Solution File, Format Version 12.00
# Visual Studio Version 16
VisualStudioVersion = 16.0.32630.194
MinimumVisualStudioVersion = 10.0.40219.1
Project("{FAE04EC0-301F-11D3-BF4B-00C04F79EFBC}") = "Quick File Access Bar", "Quick File Access Bar\Quick File Access Bar.csproj", "{BDCD59AE-06CC-4673-8D23-C4E8DE922C1C}"
EndProject
Global
	GlobalSection(SolutionConfigurationPlatforms) = preSolution
		Debug|Any CPU = Debug|Any CPU
		Release|Any CPU = Release|Any CPU
	EndGlobalSection
	GlobalSection(ProjectConfigurationPlatforms) = postSolution
		{BDCD59AE-06CC-4673-8D23-C4E8DE922C1C}.Debug|Any CPU.ActiveCfg = Debug|Any CPU
		{BDCD59AE-06CC-4673-8D23-C4E8DE922C1C}.Debug|Any CPU.Build.0 = Debug|Any CPU
		{BDCD59AE-06CC-4673-8D23-C4E8DE922C1C}.Release|Any CPU.ActiveCfg = Release|Any CPU
		{BDCD59AE-06CC-4673-8D23-C4E8DE922C1C}.Release|Any CPU.Build.0 = Release|Any CPU
	EndGlobalSection
	GlobalSection(SolutionProperties) = preSolution
		HideSolutionNode = FALSE
	EndGlobalSection
	GlobalSection(ExtensibilityGlobals) = postSolution
		SolutionGuid = {087A1BFF-8FDA-465A-9A0A-3B94CA97E31D}
	EndGlobalSection
EndGlobal
