
Microsoft Visual Studio Solution File, Format Version 12.00
# Visual Studio Version 17
VisualStudioVersion = 17.2.32602.215
MinimumVisualStudioVersion = 10.0.40219.1
Project("{9A19103F-16F7-4668-BE54-9A1E7A4F7556}") = "windows_programlar_kisayol_cubugu", "windows_programlar_kisayol_cubugu\windows_programlar_kisayol_cubugu.csproj", "{90934A1B-C4D4-47D1-8623-CC354203A507}"
EndProject
Global
	GlobalSection(SolutionConfigurationPlatforms) = preSolution
		Debug|Any CPU = Debug|Any CPU
		Release|Any CPU = Release|Any CPU
	EndGlobalSection
	GlobalSection(ProjectConfigurationPlatforms) = postSolution
		{90934A1B-C4D4-47D1-8623-CC354203A507}.Debug|Any CPU.ActiveCfg = Debug|Any CPU
		{90934A1B-C4D4-47D1-8623-CC354203A507}.Debug|Any CPU.Build.0 = Debug|Any CPU
		{90934A1B-C4D4-47D1-8623-CC354203A507}.Release|Any CPU.ActiveCfg = Release|Any CPU
		{90934A1B-C4D4-47D1-8623-CC354203A507}.Release|Any CPU.Build.0 = Release|Any CPU
	EndGlobalSection
	GlobalSection(SolutionProperties) = preSolution
		HideSolutionNode = FALSE
	EndGlobalSection
	GlobalSection(ExtensibilityGlobals) = postSolution
		SolutionGuid = {96B2FD88-8178-4646-B864-67BE6C9EA3DD}
	EndGlobalSection
EndGlobal
